// !$*UTF8*$!
{
	archiveVersion = 1;
	classes = {
	};
	objectVersion = 48;
	objects = {

/* Begin PBXBuildFile section */
		8D4DA8E620746F3A00964D90 /* AppDelegate.swift in Sources */ = {isa = PBXBuildFile; fileRef = 8D4DA8E520746F3A00964D90 /* AppDelegate.swift */; };
		8D4DA8E820746F3A00964D90 /* ViewController.swift in Sources */ = {isa = PBXBuildFile; fileRef = 8D4DA8E720746F3A00964D90 /* ViewController.swift */; };
		8D4DA8EB20746F3A00964D90 /* Main.storyboard in Resources */ = {isa = PBXBuildFile; fileRef = 8D4DA8E920746F3A00964D90 /* Main.storyboard */; };
		8D4DA8ED20746F3A00964D90 /* Assets.xcassets in Resources */ = {isa = PBXBuildFile; fileRef = 8D4DA8EC20746F3A00964D90 /* Assets.xcassets */; };
		8D4DA8F020746F3A00964D90 /* LaunchScreen.storyboard in Resources */ = {isa = PBXBuildFile; fileRef = 8D4DA8EE20746F3A00964D90 /* LaunchScreen.storyboard */; };
		8D4DA8F92074795900964D90 /* AccessoryViewController.swift in Sources */ = {isa = PBXBuildFile; fileRef = 8D4DA8F82074795900964D90 /* AccessoryViewController.swift */; };
/* End PBXBuildFile section */

/* Begin PBXFileReference section */
		8D4DA8E220746F3A00964D90 /* TableViewMiddle.app */ = {isa = PBXFileReference; explicitFileType = wrapper.application; includeInIndex = 0; path = TableViewMiddle.app; sourceTree = BUILT_PRODUCTS_DIR; };
		8D4DA8E520746F3A00964D90 /* AppDelegate.swift */ = {isa = PBXFileReference; lastKnownFileType = sourcecode.swift; path = AppDelegate.swift; sourceTree = "<group>"; };
		8D4DA8E720746F3A00964D90 /* ViewController.swift */ = {isa = PBXFileReference; lastKnownFileType = sourcecode.swift; path = ViewController.swift; sourceTree = "<group>"; };
		8D4DA8EA20746F3A00964D90 /* Base */ = {isa = PBXFileReference; lastKnownFileType = file.storyboard; name = Base; path = Base.lproj/Main.storyboard; sourceTree = "<group>"; };
		8D4DA8EC20746F3A00964D90 /* Assets.xcassets */ = {isa = PBXFileReference; lastKnownFileType = folder.assetcatalog; path = Assets.xcassets; sourceTree = "<group>"; };
		8D4DA8EF20746F3A00964D90 /* Base */ = {isa = PBXFileReference; lastKnownFileType = file.storyboard; name = Base; path = Base.lproj/LaunchScreen.storyboard; sourceTree = "<group>"; };
		8D4DA8F120746F3A00964D90 /* Info.plist */ = {isa = PBXFileReference; lastKnownFileType = text.plist.xml; path = Info.plist; sourceTree = "<group>"; };
		8D4DA8F82074795900964D90 /* AccessoryViewController.swift */ = {isa = PBXFileReference; lastKnownFileType = sourcecode.swift; path = AccessoryViewController.swift; sourceTree = "<group>"; };
/* End PBXFileReference section */

/* Begin PBXFrameworksBuildPhase section */
		8D4DA8DF20746F3A00964D90 /* Frameworks */ = {
			isa = PBXFrameworksBuildPhase;
			buildActionMask = 2147483647;
			files = (
			);
			runOnlyForDeploymentPostprocessing = 0;
		};
/* End PBXFrameworksBuildPhase section */

/* Begin PBXGroup section */
		8D4DA8D920746F3A00964D90 = {
			isa = PBXGroup;
			children = (
				8D4DA8E420746F3A00964D90 /* TableViewMiddle */,
				8D4DA8E320746F3A00964D90 /* Products */,
			);
			sourceTree = "<group>";
		};
		8D4DA8E320746F3A00964D90 /* Products */ = {
			isa = PBXGroup;
			children = (
				8D4DA8E220746F3A00964D90 /* TableViewMiddle.app */,
			);
			name = Products;
			sourceTree = "<group>";
		};
		8D4DA8E420746F3A00964D90 /* TableViewMiddle */ = {
			isa = PBXGroup;
			children = (
				8D4DA8E520746F3A00964D90 /* AppDelegate.swift */,
				8D4DA8E720746F3A00964D90 /* ViewController.swift */,
				8D4DA8F82074795900964D90 /* AccessoryViewController.swift */,
				8D4DA8E920746F3A00964D90 /* Main.storyboard */,
				8D4DA8EC20746F3A00964D90 /* Assets.xcassets */,
				8D4DA8EE20746F3A00964D90 /* LaunchScreen.storyboard */,
				8D4DA8F120746F3A00964D90 /* Info.plist */,
			);
			path = TableViewMiddle;
			sourceTree = "<group>";
		};
/* End PBXGroup section */

/* Begin PBXNativeTarget section */
		8D4DA8E120746F3A00964D90 /* TableViewMiddle */ = {
			isa = PBXNativeTarget;
			buildConfigurationList = 8D4DA8F420746F3A00964D90 /* Build configuration list for PBXNativeTarget "TableViewMiddle" */;
			buildPhases = (
				8D4DA8DE20746F3A00964D90 /* Sources */,
				8D4DA8DF20746F3A00964D90 /* Frameworks */,
				8D4DA8E020746F3A00964D90 /* Resources */,
			);
			buildRules = (
			);
			dependencies = (
			);
			name = TableViewMiddle;
			productName = TableViewMiddle;
			productReference = 8D4DA8E220746F3A00964D90 /* TableViewMiddle.app */;
			productType = "com.apple.product-type.application";
		};
/* End PBXNativeTarget section */

/* Begin PBXProject section */
		8D4DA8DA20746F3A00964D90 /* Project object */ = {
			isa = PBXProject;
			attributes = {
				LastSwiftUpdateCheck = 0920;
				LastUpgradeCheck = 0920;
				ORGANIZATIONNAME = khuc.d.m.nguyen;
				TargetAttributes = {
					8D4DA8E120746F3A00964D90 = {
						CreatedOnToolsVersion = 9.2;
						ProvisioningStyle = Automatic;
					};
				};
			};
			buildConfigurationList = 8D4DA8DD20746F3A00964D90 /* Build configuration list for PBXProject "TableViewMiddle" */;
			compatibilityVersion = "Xcode 8.0";
			developmentRegion = en;
			hasScannedForEncodings = 0;
			knownRegions = (
				en,
				Base,
			);
			mainGroup = 8D4DA8D920746F3A00964D90;
			productRefGroup = 8D4DA8E320746F3A00964D90 /* Products */;
			projectDirPath = "";
			projectRoot = "";
			targets = (
				8D4DA8E120746F3A00964D90 /* TableViewMiddle */,
			);
		};
/* End PBXProject section */

/* Begin PBXResourcesBuildPhase section */
		8D4DA8E020746F3A00964D90 /* Resources */ = {
			isa = PBXResourcesBuildPhase;
			buildActionMask = 2147483647;
			files = (
				8D4DA8F020746F3A00964D90 /* LaunchScreen.storyboard in Resources */,
				8D4DA8ED20746F3A00964D90 /* Assets.xcassets in Resources */,
				8D4DA8EB20746F3A00964D90 /* Main.storyboard in Resources */,
			);
			runOnlyForDeploymentPostprocessing = 0;
		};
/* End PBXResourcesBuildPhase section */

/* Begin PBXSourcesBuildPhase section */
		8D4DA8DE20746F3A00964D90 /* Sources */ = {
			isa = PBXSourcesBuildPhase;
			buildActionMask = 2147483647;
			files = (
				8D4DA8E820746F3A00964D90 /* ViewController.swift in Sources */,
				8D4DA8E620746F3A00964D90 /* AppDelegate.swift in Sources */,
				8D4DA8F92074795900964D90 /* AccessoryViewController.swift in Sources */,
			);
			runOnlyForDeploymentPostprocessing = 0;
		};
/* End PBXSourcesBuildPhase section */

/* Begin PBXVariantGroup section */
		8D4DA8E920746F3A00964D90 /* Main.storyboard */ = {
			isa = PBXVariantGroup;
			children = (
				8D4DA8EA20746F3A00964D90 /* Base */,
			);
			name = Main.storyboard;
			sourceTree = "<group>";
		};
		8D4DA8EE20746F3A00964D90 /* LaunchScreen.storyboard */ = {
			isa = PBXVariantGroup;
			children = (
				8D4DA8EF20746F3A00964D90 /* Base */,
			);
			name = LaunchScreen.storyboard;
			sourceTree = "<group>";
		};
/* End PBXVariantGroup section */

/* Begin XCBuildConfiguration section */
		8D4DA8F220746F3A00964D90 /* Debug */ = {
			isa = XCBuildConfiguration;
			buildSettings = {
				ALWAYS_SEARCH_USER_PATHS = NO;
				CLANG_ANALYZER_NONNULL = YES;
				CLANG_ANALYZER_NUMBER_OBJECT_CONVERSION = YES_AGGRESSIVE;
				CLANG_CXX_LANGUAGE_STANDARD = "gnu++14";
				CLANG_CXX_LIBRARY = "libc++";
				CLANG_ENABLE_MODULES = YES;
				CLANG_ENABLE_OBJC_ARC = YES;
				CLANG_WARN_BLOCK_CAPTURE_AUTORELEASING = YES;
				CLANG_WARN_BOOL_CONVERSION = YES;
				CLANG_WARN_COMMA = YES;
				CLANG_WARN_CONSTANT_CONVERSION = YES;
				CLANG_WARN_DIRECT_OBJC_ISA_USAGE = YES_ERROR;
				CLANG_WARN_DOCUMENTATION_COMMENTS = YES;
				CLANG_WARN_EMPTY_BODY = YES;
				CLANG_WARN_ENUM_CONVERSION = YES;
				CLANG_WARN_INFINITE_RECURSION = YES;
				CLANG_WARN_INT_CONVERSION = YES;
				CLANG_WARN_NON_LITERAL_NULL_CONVERSION = YES;
				CLANG_WARN_OBJC_LITERAL_CONVERSION = YES;
				CLANG_WARN_OBJC_ROOT_CLASS = YES_ERROR;
				CLANG_WARN_RANGE_LOOP_ANALYSIS = YES;
				CLANG_WARN_STRICT_PROTOTYPES = YES;
				CLANG_WARN_SUSPICIOUS_MOVE = YES;
				CLANG_WARN_UNGUARDED_AVAILABILITY = YES_AGGRESSIVE;
				CLANG_WARN_UNREACHABLE_CODE = YES;
				CLANG_WARN__DUPLICATE_METHOD_MATCH = YES;
				CODE_SIGN_IDENTITY = "iPhone Developer";
				COPY_PHASE_STRIP = NO;
				DEBUG_INFORMATION_FORMAT = dwarf;
				ENABLE_STRICT_OBJC_MSGSEND = YES;
				ENABLE_TESTABILITY = YES;
				GCC_C_LANGUAGE_STANDARD = gnu11;
				GCC_DYNAMIC_NO_PIC = NO;
				GCC_NO_COMMON_BLOCKS = YES;
				GCC_OPTIMIZATION_LEVEL = 0;
				GCC_PREPROCESSOR_DEFINITIONS = (
					"DEBUG=1",
					"$(inherited)",
				);
				GCC_WARN_64_TO_32_BIT_CONVERSION = YES;
				GCC_WARN_ABOUT_RETURN_TYPE = YES_ERROR;
				GCC_WARN_UNDECLARED_SELECTOR = YES;
				GCC_WARN_UNINITIALIZED_AUTOS = YES_AGGRESSIVE;
				GCC_WARN_UNUSED_FUNCTION = YES;
				GCC_WARN_UNUSED_VARIABLE = YES;
				IPHONEOS_DEPLOYMENT_TARGET = 11.2;
				MTL_ENABLE_DEBUG_INFO = YES;
				ONLY_ACTIVE_ARCH = YES;
				SDKROOT = iphoneos;
				SWIFT_ACTIVE_COMPILATION_CONDITIONS = DEBUG;
				SWIFT_OPTIMIZATION_LEVEL = "-Onone";
			};
			name = Debug;
		};
		8D4DA8F320746F3A00964D90 /* Release */ = {
			isa = XCBuildConfiguration;
			buildSettings = {
				ALWAYS_SEARCH_USER_PATHS = NO;
				CLANG_ANALYZER_NONNULL = YES;
				CLANG_ANALYZER_NUMBER_OBJECT_CONVERSION = YES_AGGRESSIVE;
				CLANG_CXX_LANGUAGE_STANDARD = "gnu++14";
				CLANG_CXX_LIBRARY = "libc++";
				CLANG_ENABLE_MODULES = YES;
				CLANG_ENABLE_OBJC_ARC = YES;
				CLANG_WARN_BLOCK_CAPTURE_AUTORELEASING = YES;
				CLANG_WARN_BOOL_CONVERSION = YES;
				CLANG_WARN_COMMA = YES;
				CLANG_WARN_CONSTANT_CONVERSION = YES;
				CLANG_WARN_DIRECT_OBJC_ISA_USAGE = YES_ERROR;
				CLANG_WARN_DOCUMENTATION_COMMENTS = YES;
				CLANG_WARN_EMPTY_BODY = YES;
				CLANG_WARN_ENUM_CONVERSION = YES;
				CLANG_WARN_INFINITE_RECURSION = YES;
				CLANG_WARN_INT_CONVERSION = YES;
				CLANG_WARN_NON_LITERAL_NULL_CONVERSION = YES;
				CLANG_WARN_OBJC_LITERAL_CONVERSION = YES;
				CLANG_WARN_OBJC_ROOT_CLASS = YES_ERROR;
				CLANG_WARN_RANGE_LOOP_ANALYSIS = YES;
				CLANG_WARN_STRICT_PROTOTYPES = YES;
				CLANG_WARN_SUSPICIOUS_MOVE = YES;
				CLANG_WARN_UNGUARDED_AVAILABILITY = YES_AGGRESSIVE;
				CLANG_WARN_UNREACHABLE_CODE = YES;
				CLANG_WARN__DUPLICATE_METHOD_MATCH = YES;
				CODE_SIGN_IDENTITY = "iPhone Developer";
				COPY_PHASE_STRIP = NO;
				DEBUG_INFORMATION_FORMAT = "dwarf-with-dsym";
				ENABLE_NS_ASSERTIONS = NO;
				ENABLE_STRICT_OBJC_MSGSEND = YES;
				GCC_C_LANGUAGE_STANDARD = gnu11;
				GCC_NO_COMMON_BLOCKS = YES;
				GCC_WARN_64_TO_32_BIT_CONVERSION = YES;
				GCC_WARN_ABOUT_RETURN_TYPE = YES_ERROR;
				GCC_WARN_UNDECLARED_SELECTOR = YES;
				GCC_WARN_UNINITIALIZED_AUTOS = YES_AGGRESSIVE;
				GCC_WARN_UNUSED_FUNCTION = YES;
				GCC_WARN_UNUSED_VARIABLE = YES;
				IPHONEOS_DEPLOYMENT_TARGET = 11.2;
				MTL_ENABLE_DEBUG_INFO = NO;
				SDKROOT = iphoneos;
				SWIFT_OPTIMIZATION_LEVEL = "-Owholemodule";
				VALIDATE_PRODUCT = YES;
			};
			name = Release;
		};
		8D4DA8F520746F3A00964D90 /* Debug */ = {
			isa = XCBuildConfiguration;
			buildSettings = {
				ASSETCATALOG_COMPILER_APPICON_NAME = AppIcon;
				CODE_SIGN_STYLE = Automatic;
				INFOPLIST_FILE = TableViewMiddle/Info.plist;
				LD_RUNPATH_SEARCH_PATHS = "$(inherited) @executable_path/Frameworks";
				PRODUCT_BUNDLE_IDENTIFIER = framgia.TableViewMiddle;
				PRODUCT_NAME = "$(TARGET_NAME)";
				SWIFT_VERSION = 4.0;
				TARGETED_DEVICE_FAMILY = "1,2";
			};
			name = Debug;
		};
		8D4DA8F620746F3A00964D90 /* Release */ = {
			isa = XCBuildConfiguration;
			buildSettings = {
				ASSETCATALOG_COMPILER_APPICON_NAME = AppIcon;
				CODE_SIGN_STYLE = Automatic;
				INFOPLIST_FILE = TableViewMiddle/Info.plist;
				LD_RUNPATH_SEARCH_PATHS = "$(inherited) @executable_path/Frameworks";
				PRODUCT_BUNDLE_IDENTIFIER = framgia.TableViewMiddle;
				PRODUCT_NAME = "$(TARGET_NAME)";
				SWIFT_VERSION = 4.0;
				TARGETED_DEVICE_FAMILY = "1,2";
			};
			name = Release;
		};
/* End XCBuildConfiguration section */

/* Begin XCConfigurationList section */
		8D4DA8DD20746F3A00964D90 /* Build configuration list for PBXProject "TableViewMiddle" */ = {
			isa = XCConfigurationList;
			buildConfigurations = (
				8D4DA8F220746F3A00964D90 /* Debug */,
				8D4DA8F320746F3A00964D90 /* Release */,
			);
			defaultConfigurationIsVisible = 0;
			defaultConfigurationName = Release;
		};
		8D4DA8F420746F3A00964D90 /* Build configuration list for PBXNativeTarget "TableViewMiddle" */ = {
			isa = XCConfigurationList;
			buildConfigurations = (
				8D4DA8F520746F3A00964D90 /* Debug */,
				8D4DA8F620746F3A00964D90 /* Release */,
			);
			defaultConfigurationIsVisible = 0;
			defaultConfigurationName = Release;
		};
/* End XCConfigurationList section */
	};
	rootObject = 8D4DA8DA20746F3A00964D90 /* Project object */;
}
