// !$*UTF8*$!
{
	archiveVersion = 1;
	classes = {
	};
	objectVersion = 48;
	objects = {

/* Begin PBXBuildFile section */
		8D4DA8D02074603500964D90 /* TableViewController.swift in Sources */ = {isa = PBXBuildFile; fileRef = 8D4DA8CF2074603500964D90 /* TableViewController.swift */; };
		8D4DA8D32074605B00964D90 /* CustomTableViewCell.swift in Sources */ = {isa = PBXBuildFile; fileRef = 8D4DA8D12074605B00964D90 /* CustomTableViewCell.swift */; };
		8D4DA8D42074605B00964D90 /* CustomTableViewCell.xib in Resources */ = {isa = PBXBuildFile; fileRef = 8D4DA8D22074605B00964D90 /* CustomTableViewCell.xib */; };
		8D4DA8D82074619300964D90 /* City.swift in Sources */ = {isa = PBXBuildFile; fileRef = 8D4DA8D72074619300964D90 /* City.swift */; };
		8D6C150D207374F20035DC6E /* AppDelegate.swift in Sources */ = {isa = PBXBuildFile; fileRef = 8D6C150C207374F20035DC6E /* AppDelegate.swift */; };
		8D6C150F207374F20035DC6E /* ViewController.swift in Sources */ = {isa = PBXBuildFile; fileRef = 8D6C150E207374F20035DC6E /* ViewController.swift */; };
		8D6C1512207374F20035DC6E /* Main.storyboard in Resources */ = {isa = PBXBuildFile; fileRef = 8D6C1510207374F20035DC6E /* Main.storyboard */; };
		8D6C1514207374F20035DC6E /* Assets.xcassets in Resources */ = {isa = PBXBuildFile; fileRef = 8D6C1513207374F20035DC6E /* Assets.xcassets */; };
		8D6C1517207374F20035DC6E /* LaunchScreen.storyboard in Resources */ = {isa = PBXBuildFile; fileRef = 8D6C1515207374F20035DC6E /* LaunchScreen.storyboard */; };
/* End PBXBuildFile section */

/* Begin PBXFileReference section */
		8D4DA8CF2074603500964D90 /* TableViewController.swift */ = {isa = PBXFileReference; lastKnownFileType = sourcecode.swift; path = TableViewController.swift; sourceTree = "<group>"; };
		8D4DA8D12074605B00964D90 /* CustomTableViewCell.swift */ = {isa = PBXFileReference; lastKnownFileType = sourcecode.swift; path = CustomTableViewCell.swift; sourceTree = "<group>"; };
		8D4DA8D22074605B00964D90 /* CustomTableViewCell.xib */ = {isa = PBXFileReference; lastKnownFileType = file.xib; path = CustomTableViewCell.xib; sourceTree = "<group>"; };
		8D4DA8D72074619300964D90 /* City.swift */ = {isa = PBXFileReference; lastKnownFileType = sourcecode.swift; path = City.swift; sourceTree = "<group>"; };
		8D6C1509207374F20035DC6E /* TableViewBasic.app */ = {isa = PBXFileReference; explicitFileType = wrapper.application; includeInIndex = 0; path = TableViewBasic.app; sourceTree = BUILT_PRODUCTS_DIR; };
		8D6C150C207374F20035DC6E /* AppDelegate.swift */ = {isa = PBXFileReference; lastKnownFileType = sourcecode.swift; path = AppDelegate.swift; sourceTree = "<group>"; };
		8D6C150E207374F20035DC6E /* ViewController.swift */ = {isa = PBXFileReference; lastKnownFileType = sourcecode.swift; path = ViewController.swift; sourceTree = "<group>"; };
		8D6C1511207374F20035DC6E /* Base */ = {isa = PBXFileReference; lastKnownFileType = file.storyboard; name = Base; path = Base.lproj/Main.storyboard; sourceTree = "<group>"; };
		8D6C1513207374F20035DC6E /* Assets.xcassets */ = {isa = PBXFileReference; lastKnownFileType = folder.assetcatalog; path = Assets.xcassets; sourceTree = "<group>"; };
		8D6C1516207374F20035DC6E /* Base */ = {isa = PBXFileReference; lastKnownFileType = file.storyboard; name = Base; path = Base.lproj/LaunchScreen.storyboard; sourceTree = "<group>"; };
		8D6C1518207374F20035DC6E /* Info.plist */ = {isa = PBXFileReference; lastKnownFileType = text.plist.xml; path = Info.plist; sourceTree = "<group>"; };
/* End PBXFileReference section */

/* Begin PBXFrameworksBuildPhase section */
		8D6C1506207374F20035DC6E /* Frameworks */ = {
			isa = PBXFrameworksBuildPhase;
			buildActionMask = 2147483647;
			files = (
			);
			runOnlyForDeploymentPostprocessing = 0;
		};
/* End PBXFrameworksBuildPhase section */

/* Begin PBXGroup section */
		8D4DA8D52074614F00964D90 /* Model */ = {
			isa = PBXGroup;
			children = (
				8D4DA8D72074619300964D90 /* City.swift */,
			);
			path = Model;
			sourceTree = "<group>";
		};
		8D4DA8D62074615400964D90 /* TableViewCell */ = {
			isa = PBXGroup;
			children = (
				8D4DA8D12074605B00964D90 /* CustomTableViewCell.swift */,
				8D4DA8D22074605B00964D90 /* CustomTableViewCell.xib */,
			);
			path = TableViewCell;
			sourceTree = "<group>";
		};
		8D6C1500207374F20035DC6E = {
			isa = PBXGroup;
			children = (
				8D6C150B207374F20035DC6E /* TableViewBasic */,
				8D6C150A207374F20035DC6E /* Products */,
			);
			sourceTree = "<group>";
		};
		8D6C150A207374F20035DC6E /* Products */ = {
			isa = PBXGroup;
			children = (
				8D6C1509207374F20035DC6E /* TableViewBasic.app */,
			);
			name = Products;
			sourceTree = "<group>";
		};
		8D6C150B207374F20035DC6E /* TableViewBasic */ = {
			isa = PBXGroup;
			children = (
				8D4DA8D62074615400964D90 /* TableViewCell */,
				8D4DA8D52074614F00964D90 /* Model */,
				8D6C150C207374F20035DC6E /* AppDelegate.swift */,
				8D6C150E207374F20035DC6E /* ViewController.swift */,
				8D4DA8CF2074603500964D90 /* TableViewController.swift */,
				8D6C1510207374F20035DC6E /* Main.storyboard */,
				8D6C1513207374F20035DC6E /* Assets.xcassets */,
				8D6C1515207374F20035DC6E /* LaunchScreen.storyboard */,
				8D6C1518207374F20035DC6E /* Info.plist */,
			);
			path = TableViewBasic;
			sourceTree = "<group>";
		};
/* End PBXGroup section */

/* Begin PBXNativeTarget section */
		8D6C1508207374F20035DC6E /* TableViewBasic */ = {
			isa = PBXNativeTarget;
			buildConfigurationList = 8D6C151B207374F20035DC6E /* Build configuration list for PBXNativeTarget "TableViewBasic" */;
			buildPhases = (
				8D6C1505207374F20035DC6E /* Sources */,
				8D6C1506207374F20035DC6E /* Frameworks */,
				8D6C1507207374F20035DC6E /* Resources */,
			);
			buildRules = (
			);
			dependencies = (
			);
			name = TableViewBasic;
			productName = TableViewBasic;
			productReference = 8D6C1509207374F20035DC6E /* TableViewBasic.app */;
			productType = "com.apple.product-type.application";
		};
/* End PBXNativeTarget section */

/* Begin PBXProject section */
		8D6C1501207374F20035DC6E /* Project object */ = {
			isa = PBXProject;
			attributes = {
				LastSwiftUpdateCheck = 0920;
				LastUpgradeCheck = 0920;
				ORGANIZATIONNAME = khuc.d.m.nguyen;
				TargetAttributes = {
					8D6C1508207374F20035DC6E = {
						CreatedOnToolsVersion = 9.2;
						ProvisioningStyle = Automatic;
					};
				};
			};
			buildConfigurationList = 8D6C1504207374F20035DC6E /* Build configuration list for PBXProject "TableViewBasic" */;
			compatibilityVersion = "Xcode 8.0";
			developmentRegion = en;
			hasScannedForEncodings = 0;
			knownRegions = (
				en,
				Base,
			);
			mainGroup = 8D6C1500207374F20035DC6E;
			productRefGroup = 8D6C150A207374F20035DC6E /* Products */;
			projectDirPath = "";
			projectRoot = "";
			targets = (
				8D6C1508207374F20035DC6E /* TableViewBasic */,
			);
		};
/* End PBXProject section */

/* Begin PBXResourcesBuildPhase section */
		8D6C1507207374F20035DC6E /* Resources */ = {
			isa = PBXResourcesBuildPhase;
			buildActionMask = 2147483647;
			files = (
				8D6C1517207374F20035DC6E /* LaunchScreen.storyboard in Resources */,
				8D6C1514207374F20035DC6E /* Assets.xcassets in Resources */,
				8D4DA8D42074605B00964D90 /* CustomTableViewCell.xib in Resources */,
				8D6C1512207374F20035DC6E /* Main.storyboard in Resources */,
			);
			runOnlyForDeploymentPostprocessing = 0;
		};
/* End PBXResourcesBuildPhase section */

/* Begin PBXSourcesBuildPhase section */
		8D6C1505207374F20035DC6E /* Sources */ = {
			isa = PBXSourcesBuildPhase;
			buildActionMask = 2147483647;
			files = (
				8D6C150F207374F20035DC6E /* ViewController.swift in Sources */,
				8D4DA8D82074619300964D90 /* City.swift in Sources */,
				8D4DA8D02074603500964D90 /* TableViewController.swift in Sources */,
				8D4DA8D32074605B00964D90 /* CustomTableViewCell.swift in Sources */,
				8D6C150D207374F20035DC6E /* AppDelegate.swift in Sources */,
			);
			runOnlyForDeploymentPostprocessing = 0;
		};
/* End PBXSourcesBuildPhase section */

/* Begin PBXVariantGroup section */
		8D6C1510207374F20035DC6E /* Main.storyboard */ = {
			isa = PBXVariantGroup;
			children = (
				8D6C1511207374F20035DC6E /* Base */,
			);
			name = Main.storyboard;
			sourceTree = "<group>";
		};
		8D6C1515207374F20035DC6E /* LaunchScreen.storyboard */ = {
			isa = PBXVariantGroup;
			children = (
				8D6C1516207374F20035DC6E /* Base */,
			);
			name = LaunchScreen.storyboard;
			sourceTree = "<group>";
		};
/* End PBXVariantGroup section */

/* Begin XCBuildConfiguration section */
		8D6C1519207374F20035DC6E /* Debug */ = {
			isa = XCBuildConfiguration;
			buildSettings = {
				ALWAYS_SEARCH_USER_PATHS = NO;
				CLANG_ANALYZER_NONNULL = YES;
				CLANG_ANALYZER_NUMBER_OBJECT_CONVERSION = YES_AGGRESSIVE;
				CLANG_CXX_LANGUAGE_STANDARD = "gnu++14";
				CLANG_CXX_LIBRARY = "libc++";
				CLANG_ENABLE_MODULES = YES;
				CLANG_ENABLE_OBJC_ARC = YES;
				CLANG_WARN_BLOCK_CAPTURE_AUTORELEASING = YES;
				CLANG_WARN_BOOL_CONVERSION = YES;
				CLANG_WARN_COMMA = YES;
				CLANG_WARN_CONSTANT_CONVERSION = YES;
				CLANG_WARN_DIRECT_OBJC_ISA_USAGE = YES_ERROR;
				CLANG_WARN_DOCUMENTATION_COMMENTS = YES;
				CLANG_WARN_EMPTY_BODY = YES;
				CLANG_WARN_ENUM_CONVERSION = YES;
				CLANG_WARN_INFINITE_RECURSION = YES;
				CLANG_WARN_INT_CONVERSION = YES;
				CLANG_WARN_NON_LITERAL_NULL_CONVERSION = YES;
				CLANG_WARN_OBJC_LITERAL_CONVERSION = YES;
				CLANG_WARN_OBJC_ROOT_CLASS = YES_ERROR;
				CLANG_WARN_RANGE_LOOP_ANALYSIS = YES;
				CLANG_WARN_STRICT_PROTOTYPES = YES;
				CLANG_WARN_SUSPICIOUS_MOVE = YES;
				CLANG_WARN_UNGUARDED_AVAILABILITY = YES_AGGRESSIVE;
				CLANG_WARN_UNREACHABLE_CODE = YES;
				CLANG_WARN__DUPLICATE_METHOD_MATCH = YES;
				CODE_SIGN_IDENTITY = "iPhone Developer";
				COPY_PHASE_STRIP = NO;
				DEBUG_INFORMATION_FORMAT = dwarf;
				ENABLE_STRICT_OBJC_MSGSEND = YES;
				ENABLE_TESTABILITY = YES;
				GCC_C_LANGUAGE_STANDARD = gnu11;
				GCC_DYNAMIC_NO_PIC = NO;
				GCC_NO_COMMON_BLOCKS = YES;
				GCC_OPTIMIZATION_LEVEL = 0;
				GCC_PREPROCESSOR_DEFINITIONS = (
					"DEBUG=1",
					"$(inherited)",
				);
				GCC_WARN_64_TO_32_BIT_CONVERSION = YES;
				GCC_WARN_ABOUT_RETURN_TYPE = YES_ERROR;
				GCC_WARN_UNDECLARED_SELECTOR = YES;
				GCC_WARN_UNINITIALIZED_AUTOS = YES_AGGRESSIVE;
				GCC_WARN_UNUSED_FUNCTION = YES;
				GCC_WARN_UNUSED_VARIABLE = YES;
				IPHONEOS_DEPLOYMENT_TARGET = 11.2;
				MTL_ENABLE_DEBUG_INFO = YES;
				ONLY_ACTIVE_ARCH = YES;
				SDKROOT = iphoneos;
				SWIFT_ACTIVE_COMPILATION_CONDITIONS = DEBUG;
				SWIFT_OPTIMIZATION_LEVEL = "-Onone";
			};
			name = Debug;
		};
		8D6C151A207374F20035DC6E /* Release */ = {
			isa = XCBuildConfiguration;
			buildSettings = {
				ALWAYS_SEARCH_USER_PATHS = NO;
				CLANG_ANALYZER_NONNULL = YES;
				CLANG_ANALYZER_NUMBER_OBJECT_CONVERSION = YES_AGGRESSIVE;
				CLANG_CXX_LANGUAGE_STANDARD = "gnu++14";
				CLANG_CXX_LIBRARY = "libc++";
				CLANG_ENABLE_MODULES = YES;
				CLANG_ENABLE_OBJC_ARC = YES;
				CLANG_WARN_BLOCK_CAPTURE_AUTORELEASING = YES;
				CLANG_WARN_BOOL_CONVERSION = YES;
				CLANG_WARN_COMMA = YES;
				CLANG_WARN_CONSTANT_CONVERSION = YES;
				CLANG_WARN_DIRECT_OBJC_ISA_USAGE = YES_ERROR;
				CLANG_WARN_DOCUMENTATION_COMMENTS = YES;
				CLANG_WARN_EMPTY_BODY = YES;
				CLANG_WARN_ENUM_CONVERSION = YES;
				CLANG_WARN_INFINITE_RECURSION = YES;
				CLANG_WARN_INT_CONVERSION = YES;
				CLANG_WARN_NON_LITERAL_NULL_CONVERSION = YES;
				CLANG_WARN_OBJC_LITERAL_CONVERSION = YES;
				CLANG_WARN_OBJC_ROOT_CLASS = YES_ERROR;
				CLANG_WARN_RANGE_LOOP_ANALYSIS = YES;
				CLANG_WARN_STRICT_PROTOTYPES = YES;
				CLANG_WARN_SUSPICIOUS_MOVE = YES;
				CLANG_WARN_UNGUARDED_AVAILABILITY = YES_AGGRESSIVE;
				CLANG_WARN_UNREACHABLE_CODE = YES;
				CLANG_WARN__DUPLICATE_METHOD_MATCH = YES;
				CODE_SIGN_IDENTITY = "iPhone Developer";
				COPY_PHASE_STRIP = NO;
				DEBUG_INFORMATION_FORMAT = "dwarf-with-dsym";
				ENABLE_NS_ASSERTIONS = NO;
				ENABLE_STRICT_OBJC_MSGSEND = YES;
				GCC_C_LANGUAGE_STANDARD = gnu11;
				GCC_NO_COMMON_BLOCKS = YES;
				GCC_WARN_64_TO_32_BIT_CONVERSION = YES;
				GCC_WARN_ABOUT_RETURN_TYPE = YES_ERROR;
				GCC_WARN_UNDECLARED_SELECTOR = YES;
				GCC_WARN_UNINITIALIZED_AUTOS = YES_AGGRESSIVE;
				GCC_WARN_UNUSED_FUNCTION = YES;
				GCC_WARN_UNUSED_VARIABLE = YES;
				IPHONEOS_DEPLOYMENT_TARGET = 11.2;
				MTL_ENABLE_DEBUG_INFO = NO;
				SDKROOT = iphoneos;
				SWIFT_OPTIMIZATION_LEVEL = "-Owholemodule";
				VALIDATE_PRODUCT = YES;
			};
			name = Release;
		};
		8D6C151C207374F20035DC6E /* Debug */ = {
			isa = XCBuildConfiguration;
			buildSettings = {
				ASSETCATALOG_COMPILER_APPICON_NAME = AppIcon;
				CODE_SIGN_STYLE = Automatic;
				INFOPLIST_FILE = TableViewBasic/Info.plist;
				LD_RUNPATH_SEARCH_PATHS = "$(inherited) @executable_path/Frameworks";
				PRODUCT_BUNDLE_IDENTIFIER = framgia.TableViewBasic;
				PRODUCT_NAME = "$(TARGET_NAME)";
				SWIFT_VERSION = 4.0;
				TARGETED_DEVICE_FAMILY = "1,2";
			};
			name = Debug;
		};
		8D6C151D207374F20035DC6E /* Release */ = {
			isa = XCBuildConfiguration;
			buildSettings = {
				ASSETCATALOG_COMPILER_APPICON_NAME = AppIcon;
				CODE_SIGN_STYLE = Automatic;
				INFOPLIST_FILE = TableViewBasic/Info.plist;
				LD_RUNPATH_SEARCH_PATHS = "$(inherited) @executable_path/Frameworks";
				PRODUCT_BUNDLE_IDENTIFIER = framgia.TableViewBasic;
				PRODUCT_NAME = "$(TARGET_NAME)";
				SWIFT_VERSION = 4.0;
				TARGETED_DEVICE_FAMILY = "1,2";
			};
			name = Release;
		};
/* End XCBuildConfiguration section */

/* Begin XCConfigurationList section */
		8D6C1504207374F20035DC6E /* Build configuration list for PBXProject "TableViewBasic" */ = {
			isa = XCConfigurationList;
			buildConfigurations = (
				8D6C1519207374F20035DC6E /* Debug */,
				8D6C151A207374F20035DC6E /* Release */,
			);
			defaultConfigurationIsVisible = 0;
			defaultConfigurationName = Release;
		};
		8D6C151B207374F20035DC6E /* Build configuration list for PBXNativeTarget "TableViewBasic" */ = {
			isa = XCConfigurationList;
			buildConfigurations = (
				8D6C151C207374F20035DC6E /* Debug */,
				8D6C151D207374F20035DC6E /* Release */,
			);
			defaultConfigurationIsVisible = 0;
			defaultConfigurationName = Release;
		};
/* End XCConfigurationList section */
	};
	rootObject = 8D6C1501207374F20035DC6E /* Project object */;
}
